
Microsoft Visual Studio Solution File, Format Version 12.00
# Visual Studio 15
VisualStudioVersion = 15.0.26124.0
MinimumVisualStudioVersion = 15.0.26124.0
Project("{2150E333-8FDC-42A3-9474-1A3956D46DE8}") = "src", "src", "{EF02B14B-3AAA-4AD1-A3AE-F3271C7F5388}"
EndProject
Project("{FAE04EC0-301F-11D3-BF4B-00C04F79EFBC}") = "NQuadratic", "src\NQuadratic\NQuadratic.csproj", "{2363F34B-F5FB-4853-B902-784A146B7FA1}"
EndProject
Project("{FAE04EC0-301F-11D3-BF4B-00C04F79EFBC}") = "NQuadratic.Console", "src\NQuadratic.Console\NQuadratic.Console.csproj", "{6336853E-A879-4297-8CFE-152983F0C909}"
EndProject
Project("{2150E333-8FDC-42A3-9474-1A3956D46DE8}") = "test", "test", "{BC7DA534-1440-4A1C-94CA-9CEC7AA96FDB}"
EndProject
Project("{FAE04EC0-301F-11D3-BF4B-00C04F79EFBC}") = "NQuadratic.Tests", "test\NQuadratic.Tests\NQuadratic.Tests.csproj", "{A7E106DC-F390-4864-A636-3F7856D7BC87}"
EndProject
Global
	GlobalSection(SolutionConfigurationPlatforms) = preSolution
		Debug|Any CPU = Debug|Any CPU
		Debug|x64 = Debug|x64
		Debug|x86 = Debug|x86
		Release|Any CPU = Release|Any CPU
		Release|x64 = Release|x64
		Release|x86 = Release|x86
	EndGlobalSection
	GlobalSection(SolutionProperties) = preSolution
		HideSolutionNode = FALSE
	EndGlobalSection
	GlobalSection(ProjectConfigurationPlatforms) = postSolution
		{2363F34B-F5FB-4853-B902-784A146B7FA1}.Debug|Any CPU.ActiveCfg = Debug|Any CPU
		{2363F34B-F5FB-4853-B902-784A146B7FA1}.Debug|Any CPU.Build.0 = Debug|Any CPU
		{2363F34B-F5FB-4853-B902-784A146B7FA1}.Debug|x64.ActiveCfg = Debug|Any CPU
		{2363F34B-F5FB-4853-B902-784A146B7FA1}.Debug|x64.Build.0 = Debug|Any CPU
		{2363F34B-F5FB-4853-B902-784A146B7FA1}.Debug|x86.ActiveCfg = Debug|Any CPU
		{2363F34B-F5FB-4853-B902-784A146B7FA1}.Debug|x86.Build.0 = Debug|Any CPU
		{2363F34B-F5FB-4853-B902-784A146B7FA1}.Release|Any CPU.ActiveCfg = Release|Any CPU
		{2363F34B-F5FB-4853-B902-784A146B7FA1}.Release|Any CPU.Build.0 = Release|Any CPU
		{2363F34B-F5FB-4853-B902-784A146B7FA1}.Release|x64.ActiveCfg = Release|Any CPU
		{2363F34B-F5FB-4853-B902-784A146B7FA1}.Release|x64.Build.0 = Release|Any CPU
		{2363F34B-F5FB-4853-B902-784A146B7FA1}.Release|x86.ActiveCfg = Release|Any CPU
		{2363F34B-F5FB-4853-B902-784A146B7FA1}.Release|x86.Build.0 = Release|Any CPU
		{6336853E-A879-4297-8CFE-152983F0C909}.Debug|Any CPU.ActiveCfg = Debug|Any CPU
		{6336853E-A879-4297-8CFE-152983F0C909}.Debug|Any CPU.Build.0 = Debug|Any CPU
		{6336853E-A879-4297-8CFE-152983F0C909}.Debug|x64.ActiveCfg = Debug|Any CPU
		{6336853E-A879-4297-8CFE-152983F0C909}.Debug|x64.Build.0 = Debug|Any CPU
		{6336853E-A879-4297-8CFE-152983F0C909}.Debug|x86.ActiveCfg = Debug|Any CPU
		{6336853E-A879-4297-8CFE-152983F0C909}.Debug|x86.Build.0 = Debug|Any CPU
		{6336853E-A879-4297-8CFE-152983F0C909}.Release|Any CPU.ActiveCfg = Release|Any CPU
		{6336853E-A879-4297-8CFE-152983F0C909}.Release|Any CPU.Build.0 = Release|Any CPU
		{6336853E-A879-4297-8CFE-152983F0C909}.Release|x64.ActiveCfg = Release|Any CPU
		{6336853E-A879-4297-8CFE-152983F0C909}.Release|x64.Build.0 = Release|Any CPU
		{6336853E-A879-4297-8CFE-152983F0C909}.Release|x86.ActiveCfg = Release|Any CPU
		{6336853E-A879-4297-8CFE-152983F0C909}.Release|x86.Build.0 = Release|Any CPU
		{A7E106DC-F390-4864-A636-3F7856D7BC87}.Debug|Any CPU.ActiveCfg = Debug|Any CPU
		{A7E106DC-F390-4864-A636-3F7856D7BC87}.Debug|Any CPU.Build.0 = Debug|Any CPU
		{A7E106DC-F390-4864-A636-3F7856D7BC87}.Debug|x64.ActiveCfg = Debug|Any CPU
		{A7E106DC-F390-4864-A636-3F7856D7BC87}.Debug|x64.Build.0 = Debug|Any CPU
		{A7E106DC-F390-4864-A636-3F7856D7BC87}.Debug|x86.ActiveCfg = Debug|Any CPU
		{A7E106DC-F390-4864-A636-3F7856D7BC87}.Debug|x86.Build.0 = Debug|Any CPU
		{A7E106DC-F390-4864-A636-3F7856D7BC87}.Release|Any CPU.ActiveCfg = Release|Any CPU
		{A7E106DC-F390-4864-A636-3F7856D7BC87}.Release|Any CPU.Build.0 = Release|Any CPU
		{A7E106DC-F390-4864-A636-3F7856D7BC87}.Release|x64.ActiveCfg = Release|Any CPU
		{A7E106DC-F390-4864-A636-3F7856D7BC87}.Release|x64.Build.0 = Release|Any CPU
		{A7E106DC-F390-4864-A636-3F7856D7BC87}.Release|x86.ActiveCfg = Release|Any CPU
		{A7E106DC-F390-4864-A636-3F7856D7BC87}.Release|x86.Build.0 = Release|Any CPU
	EndGlobalSection
	GlobalSection(NestedProjects) = preSolution
		{2363F34B-F5FB-4853-B902-784A146B7FA1} = {EF02B14B-3AAA-4AD1-A3AE-F3271C7F5388}
		{6336853E-A879-4297-8CFE-152983F0C909} = {EF02B14B-3AAA-4AD1-A3AE-F3271C7F5388}
		{A7E106DC-F390-4864-A636-3F7856D7BC87} = {BC7DA534-1440-4A1C-94CA-9CEC7AA96FDB}
	EndGlobalSection
EndGlobal
